
Microsoft Visual Studio Solution File, Format Version 11.00
# Visual C# Express 2010
Project("{FAE04EC0-301F-11D3-BF4B-00C04F79EFBC}") = "Upload_To_Google_Sites", "Upload_To_Google_Sites\Upload_To_Google_Sites.csproj", "{D4B62C05-D19F-4D46-B90A-8445D92E4DB2}"
EndProject
Project("{FAE04EC0-301F-11D3-BF4B-00C04F79EFBC}") = "SitesAPI", "..\SitesAPI\SitesAPI.csproj", "{B28700E0-2767-4C6A-895E-B1ECC5A2ACEB}"
EndProject
Project("{FAE04EC0-301F-11D3-BF4B-00C04F79EFBC}") = "SpreadsheetAPI", "..\SpreadsheetAPI\SpreadsheetAPI.csproj", "{816A6F63-6C29-4CCD-AC99-F815424AD5CD}"
EndProject
Project("{FAE04EC0-301F-11D3-BF4B-00C04F79EFBC}") = "Common", "..\Common\Common.csproj", "{FA0A367F-859A-41E7-8F87-A507D4154E04}"
EndProject
Global
	GlobalSection(SolutionConfigurationPlatforms) = preSolution
		Debug|Any CPU = Debug|Any CPU
		Debug|Mixed Platforms = Debug|Mixed Platforms
		Debug|x86 = Debug|x86
		Release|Any CPU = Release|Any CPU
		Release|Mixed Platforms = Release|Mixed Platforms
		Release|x86 = Release|x86
	EndGlobalSection
	GlobalSection(ProjectConfigurationPlatforms) = postSolution
		{D4B62C05-D19F-4D46-B90A-8445D92E4DB2}.Debug|Any CPU.ActiveCfg = Debug|x86
		{D4B62C05-D19F-4D46-B90A-8445D92E4DB2}.Debug|Mixed Platforms.ActiveCfg = Debug|x86
		{D4B62C05-D19F-4D46-B90A-8445D92E4DB2}.Debug|Mixed Platforms.Build.0 = Debug|x86
		{D4B62C05-D19F-4D46-B90A-8445D92E4DB2}.Debug|x86.ActiveCfg = Debug|x86
		{D4B62C05-D19F-4D46-B90A-8445D92E4DB2}.Debug|x86.Build.0 = Debug|x86
		{D4B62C05-D19F-4D46-B90A-8445D92E4DB2}.Release|Any CPU.ActiveCfg = Release|x86
		{D4B62C05-D19F-4D46-B90A-8445D92E4DB2}.Release|Mixed Platforms.ActiveCfg = Release|x86
		{D4B62C05-D19F-4D46-B90A-8445D92E4DB2}.Release|Mixed Platforms.Build.0 = Release|x86
		{D4B62C05-D19F-4D46-B90A-8445D92E4DB2}.Release|x86.ActiveCfg = Release|x86
		{D4B62C05-D19F-4D46-B90A-8445D92E4DB2}.Release|x86.Build.0 = Release|x86
		{B28700E0-2767-4C6A-895E-B1ECC5A2ACEB}.Debug|Any CPU.ActiveCfg = Debug|Any CPU
		{B28700E0-2767-4C6A-895E-B1ECC5A2ACEB}.Debug|Any CPU.Build.0 = Debug|Any CPU
		{B28700E0-2767-4C6A-895E-B1ECC5A2ACEB}.Debug|Mixed Platforms.ActiveCfg = Debug|Any CPU
		{B28700E0-2767-4C6A-895E-B1ECC5A2ACEB}.Debug|Mixed Platforms.Build.0 = Debug|Any CPU
		{B28700E0-2767-4C6A-895E-B1ECC5A2ACEB}.Debug|x86.ActiveCfg = Debug|Any CPU
		{B28700E0-2767-4C6A-895E-B1ECC5A2ACEB}.Release|Any CPU.ActiveCfg = Release|Any CPU
		{B28700E0-2767-4C6A-895E-B1ECC5A2ACEB}.Release|Any CPU.Build.0 = Release|Any CPU
		{B28700E0-2767-4C6A-895E-B1ECC5A2ACEB}.Release|Mixed Platforms.ActiveCfg = Release|Any CPU
		{B28700E0-2767-4C6A-895E-B1ECC5A2ACEB}.Release|Mixed Platforms.Build.0 = Release|Any CPU
		{B28700E0-2767-4C6A-895E-B1ECC5A2ACEB}.Release|x86.ActiveCfg = Release|Any CPU
		{816A6F63-6C29-4CCD-AC99-F815424AD5CD}.Debug|Any CPU.ActiveCfg = Debug|Any CPU
		{816A6F63-6C29-4CCD-AC99-F815424AD5CD}.Debug|Any CPU.Build.0 = Debug|Any CPU
		{816A6F63-6C29-4CCD-AC99-F815424AD5CD}.Debug|Mixed Platforms.ActiveCfg = Debug|Any CPU
		{816A6F63-6C29-4CCD-AC99-F815424AD5CD}.Debug|Mixed Platforms.Build.0 = Debug|Any CPU
		{816A6F63-6C29-4CCD-AC99-F815424AD5CD}.Debug|x86.ActiveCfg = Debug|Any CPU
		{816A6F63-6C29-4CCD-AC99-F815424AD5CD}.Release|Any CPU.ActiveCfg = Release|Any CPU
		{816A6F63-6C29-4CCD-AC99-F815424AD5CD}.Release|Any CPU.Build.0 = Release|Any CPU
		{816A6F63-6C29-4CCD-AC99-F815424AD5CD}.Release|Mixed Platforms.ActiveCfg = Release|Any CPU
		{816A6F63-6C29-4CCD-AC99-F815424AD5CD}.Release|Mixed Platforms.Build.0 = Release|Any CPU
		{816A6F63-6C29-4CCD-AC99-F815424AD5CD}.Release|x86.ActiveCfg = Release|Any CPU
		{FA0A367F-859A-41E7-8F87-A507D4154E04}.Debug|Any CPU.ActiveCfg = Debug|Any CPU
		{FA0A367F-859A-41E7-8F87-A507D4154E04}.Debug|Any CPU.Build.0 = Debug|Any CPU
		{FA0A367F-859A-41E7-8F87-A507D4154E04}.Debug|Mixed Platforms.ActiveCfg = Debug|Any CPU
		{FA0A367F-859A-41E7-8F87-A507D4154E04}.Debug|Mixed Platforms.Build.0 = Debug|Any CPU
		{FA0A367F-859A-41E7-8F87-A507D4154E04}.Debug|x86.ActiveCfg = Debug|Any CPU
		{FA0A367F-859A-41E7-8F87-A507D4154E04}.Release|Any CPU.ActiveCfg = Release|Any CPU
		{FA0A367F-859A-41E7-8F87-A507D4154E04}.Release|Any CPU.Build.0 = Release|Any CPU
		{FA0A367F-859A-41E7-8F87-A507D4154E04}.Release|Mixed Platforms.ActiveCfg = Release|Any CPU
		{FA0A367F-859A-41E7-8F87-A507D4154E04}.Release|Mixed Platforms.Build.0 = Release|Any CPU
		{FA0A367F-859A-41E7-8F87-A507D4154E04}.Release|x86.ActiveCfg = Release|Any CPU
	EndGlobalSection
	GlobalSection(SolutionProperties) = preSolution
		HideSolutionNode = FALSE
	EndGlobalSection
EndGlobal
