
Microsoft Visual Studio Solution File, Format Version 11.00
# Visual Studio 2010
Project("{FAE04EC0-301F-11D3-BF4B-00C04F79EFBC}") = "Common", "Common\Common.csproj", "{1C337ECB-18C4-4F1E-8557-C29696777EC6}"
EndProject
Project("{FAE04EC0-301F-11D3-BF4B-00C04F79EFBC}") = "GoogleAPIs", "GoogleAPIs\GoogleAPIs.csproj", "{042A360C-0A60-43EE-87E6-0FBD16EC7BDF}"
EndProject
Project("{FAE04EC0-301F-11D3-BF4B-00C04F79EFBC}") = "ResultsManager", "ResultsManager\ResultsManager.csproj", "{B464537E-F74F-40DF-AD24-83ECBA82E312}"
EndProject
Project("{FAE04EC0-301F-11D3-BF4B-00C04F79EFBC}") = "PairsScorer", "Applications\PairsScorer\PairsScorer.csproj", "{1660C82E-6752-414F-A325-C119A1249DB2}"
EndProject
Project("{FAE04EC0-301F-11D3-BF4B-00C04F79EFBC}") = "DealsSummarizer", "DealsSummarizer\DealsSummarizer.csproj", "{B4177222-B461-4609-A101-C833EF126F0C}"
EndProject
Project("{FAE04EC0-301F-11D3-BF4B-00C04F79EFBC}") = "SubmitPairsResults", "Applications\SubmitPairsResults\SubmitPairsResults.csproj", "{A71B853B-433E-440B-80C9-74C0DD9BCC0E}"
EndProject
Project("{FAE04EC0-301F-11D3-BF4B-00C04F79EFBC}") = "IndianBridgeScorer", "Applications\IndianBridgeScorer\IndianBridgeScorer.csproj", "{B9942FFF-D1F9-4F81-9C16-D1623B9E3F28}"
EndProject
Project("{FAE04EC0-301F-11D3-BF4B-00C04F79EFBC}") = "TestApplication", "Applications\TestApplication\TestApplication.csproj", "{A8FBE5DF-8DBE-4A43-A674-8072AEF233B8}"
EndProject
Project("{FAE04EC0-301F-11D3-BF4B-00C04F79EFBC}") = "GenerateBFIPage", "GenerateBFIPage\GenerateBFIPage.csproj", "{FF8AE74D-BB6A-4641-A558-9597BB7132EA}"
EndProject
Project("{FAE04EC0-301F-11D3-BF4B-00C04F79EFBC}") = "WordpressAPIs", "WordpressAPIs\WordpressAPIs.csproj", "{F48BF94E-456E-4AD3-91FE-5F388F4F7E79}"
EndProject
Project("{FAE04EC0-301F-11D3-BF4B-00C04F79EFBC}") = "UploadFolderToWordpress", "UploadFolderToWordpress\UploadFolderToWordpress.csproj", "{40516E38-856F-4F42-89B6-BDD2DA6F8D59}"
EndProject
Project("{FAE04EC0-301F-11D3-BF4B-00C04F79EFBC}") = "BFIMasterpointManagement", "BFIMasterpointManagement\BFIMasterpointManagement.csproj", "{EA2E95DD-DD89-4001-8622-D21017B7B1C3}"
	ProjectSection(ProjectDependencies) = postProject
		{F48BF94E-456E-4AD3-91FE-5F388F4F7E79} = {F48BF94E-456E-4AD3-91FE-5F388F4F7E79}
	EndProjectSection
EndProject
Global
	GlobalSection(SolutionConfigurationPlatforms) = preSolution
		CD_ROM|Any CPU = CD_ROM|Any CPU
		CD_ROM|Mixed Platforms = CD_ROM|Mixed Platforms
		CD_ROM|x86 = CD_ROM|x86
		Debug|Any CPU = Debug|Any CPU
		Debug|Mixed Platforms = Debug|Mixed Platforms
		Debug|x86 = Debug|x86
		DVD-5|Any CPU = DVD-5|Any CPU
		DVD-5|Mixed Platforms = DVD-5|Mixed Platforms
		DVD-5|x86 = DVD-5|x86
		Release|Any CPU = Release|Any CPU
		Release|Mixed Platforms = Release|Mixed Platforms
		Release|x86 = Release|x86
		SingleImage|Any CPU = SingleImage|Any CPU
		SingleImage|Mixed Platforms = SingleImage|Mixed Platforms
		SingleImage|x86 = SingleImage|x86
	EndGlobalSection
	GlobalSection(ProjectConfigurationPlatforms) = postSolution
		{1C337ECB-18C4-4F1E-8557-C29696777EC6}.CD_ROM|Any CPU.ActiveCfg = Release|Any CPU
		{1C337ECB-18C4-4F1E-8557-C29696777EC6}.CD_ROM|Any CPU.Build.0 = Release|Any CPU
		{1C337ECB-18C4-4F1E-8557-C29696777EC6}.CD_ROM|Mixed Platforms.ActiveCfg = Release|Any CPU
		{1C337ECB-18C4-4F1E-8557-C29696777EC6}.CD_ROM|Mixed Platforms.Build.0 = Release|Any CPU
		{1C337ECB-18C4-4F1E-8557-C29696777EC6}.CD_ROM|x86.ActiveCfg = Release|Any CPU
		{1C337ECB-18C4-4F1E-8557-C29696777EC6}.Debug|Any CPU.ActiveCfg = Debug|Any CPU
		{1C337ECB-18C4-4F1E-8557-C29696777EC6}.Debug|Any CPU.Build.0 = Debug|Any CPU
		{1C337ECB-18C4-4F1E-8557-C29696777EC6}.Debug|Mixed Platforms.ActiveCfg = Debug|Any CPU
		{1C337ECB-18C4-4F1E-8557-C29696777EC6}.Debug|Mixed Platforms.Build.0 = Debug|Any CPU
		{1C337ECB-18C4-4F1E-8557-C29696777EC6}.Debug|x86.ActiveCfg = Debug|Any CPU
		{1C337ECB-18C4-4F1E-8557-C29696777EC6}.DVD-5|Any CPU.ActiveCfg = Debug|Any CPU
		{1C337ECB-18C4-4F1E-8557-C29696777EC6}.DVD-5|Any CPU.Build.0 = Debug|Any CPU
		{1C337ECB-18C4-4F1E-8557-C29696777EC6}.DVD-5|Mixed Platforms.ActiveCfg = Debug|Any CPU
		{1C337ECB-18C4-4F1E-8557-C29696777EC6}.DVD-5|Mixed Platforms.Build.0 = Debug|Any CPU
		{1C337ECB-18C4-4F1E-8557-C29696777EC6}.DVD-5|x86.ActiveCfg = Debug|Any CPU
		{1C337ECB-18C4-4F1E-8557-C29696777EC6}.Release|Any CPU.ActiveCfg = Release|Any CPU
		{1C337ECB-18C4-4F1E-8557-C29696777EC6}.Release|Any CPU.Build.0 = Release|Any CPU
		{1C337ECB-18C4-4F1E-8557-C29696777EC6}.Release|Mixed Platforms.ActiveCfg = Release|Any CPU
		{1C337ECB-18C4-4F1E-8557-C29696777EC6}.Release|Mixed Platforms.Build.0 = Release|Any CPU
		{1C337ECB-18C4-4F1E-8557-C29696777EC6}.Release|x86.ActiveCfg = Release|Any CPU
		{1C337ECB-18C4-4F1E-8557-C29696777EC6}.SingleImage|Any CPU.ActiveCfg = Release|Any CPU
		{1C337ECB-18C4-4F1E-8557-C29696777EC6}.SingleImage|Any CPU.Build.0 = Release|Any CPU
		{1C337ECB-18C4-4F1E-8557-C29696777EC6}.SingleImage|Mixed Platforms.ActiveCfg = Release|Any CPU
		{1C337ECB-18C4-4F1E-8557-C29696777EC6}.SingleImage|Mixed Platforms.Build.0 = Release|Any CPU
		{1C337ECB-18C4-4F1E-8557-C29696777EC6}.SingleImage|x86.ActiveCfg = Release|Any CPU
		{042A360C-0A60-43EE-87E6-0FBD16EC7BDF}.CD_ROM|Any CPU.ActiveCfg = Release|Any CPU
		{042A360C-0A60-43EE-87E6-0FBD16EC7BDF}.CD_ROM|Any CPU.Build.0 = Release|Any CPU
		{042A360C-0A60-43EE-87E6-0FBD16EC7BDF}.CD_ROM|Mixed Platforms.ActiveCfg = Release|Any CPU
		{042A360C-0A60-43EE-87E6-0FBD16EC7BDF}.CD_ROM|Mixed Platforms.Build.0 = Release|Any CPU
		{042A360C-0A60-43EE-87E6-0FBD16EC7BDF}.CD_ROM|x86.ActiveCfg = Release|Any CPU
		{042A360C-0A60-43EE-87E6-0FBD16EC7BDF}.Debug|Any CPU.ActiveCfg = Debug|Any CPU
		{042A360C-0A60-43EE-87E6-0FBD16EC7BDF}.Debug|Any CPU.Build.0 = Debug|Any CPU
		{042A360C-0A60-43EE-87E6-0FBD16EC7BDF}.Debug|Mixed Platforms.ActiveCfg = Debug|Any CPU
		{042A360C-0A60-43EE-87E6-0FBD16EC7BDF}.Debug|Mixed Platforms.Build.0 = Debug|Any CPU
		{042A360C-0A60-43EE-87E6-0FBD16EC7BDF}.Debug|x86.ActiveCfg = Debug|Any CPU
		{042A360C-0A60-43EE-87E6-0FBD16EC7BDF}.DVD-5|Any CPU.ActiveCfg = Debug|Any CPU
		{042A360C-0A60-43EE-87E6-0FBD16EC7BDF}.DVD-5|Any CPU.Build.0 = Debug|Any CPU
		{042A360C-0A60-43EE-87E6-0FBD16EC7BDF}.DVD-5|Mixed Platforms.ActiveCfg = Debug|Any CPU
		{042A360C-0A60-43EE-87E6-0FBD16EC7BDF}.DVD-5|Mixed Platforms.Build.0 = Debug|Any CPU
		{042A360C-0A60-43EE-87E6-0FBD16EC7BDF}.DVD-5|x86.ActiveCfg = Debug|Any CPU
		{042A360C-0A60-43EE-87E6-0FBD16EC7BDF}.Release|Any CPU.ActiveCfg = Release|Any CPU
		{042A360C-0A60-43EE-87E6-0FBD16EC7BDF}.Release|Any CPU.Build.0 = Release|Any CPU
		{042A360C-0A60-43EE-87E6-0FBD16EC7BDF}.Release|Mixed Platforms.ActiveCfg = Release|Any CPU
		{042A360C-0A60-43EE-87E6-0FBD16EC7BDF}.Release|Mixed Platforms.Build.0 = Release|Any CPU
		{042A360C-0A60-43EE-87E6-0FBD16EC7BDF}.Release|x86.ActiveCfg = Release|Any CPU
		{042A360C-0A60-43EE-87E6-0FBD16EC7BDF}.SingleImage|Any CPU.ActiveCfg = Release|Any CPU
		{042A360C-0A60-43EE-87E6-0FBD16EC7BDF}.SingleImage|Any CPU.Build.0 = Release|Any CPU
		{042A360C-0A60-43EE-87E6-0FBD16EC7BDF}.SingleImage|Mixed Platforms.ActiveCfg = Release|Any CPU
		{042A360C-0A60-43EE-87E6-0FBD16EC7BDF}.SingleImage|Mixed Platforms.Build.0 = Release|Any CPU
		{042A360C-0A60-43EE-87E6-0FBD16EC7BDF}.SingleImage|x86.ActiveCfg = Release|Any CPU
		{B464537E-F74F-40DF-AD24-83ECBA82E312}.CD_ROM|Any CPU.ActiveCfg = Release|Any CPU
		{B464537E-F74F-40DF-AD24-83ECBA82E312}.CD_ROM|Any CPU.Build.0 = Release|Any CPU
		{B464537E-F74F-40DF-AD24-83ECBA82E312}.CD_ROM|Mixed Platforms.ActiveCfg = Release|Any CPU
		{B464537E-F74F-40DF-AD24-83ECBA82E312}.CD_ROM|Mixed Platforms.Build.0 = Release|Any CPU
		{B464537E-F74F-40DF-AD24-83ECBA82E312}.CD_ROM|x86.ActiveCfg = Release|Any CPU
		{B464537E-F74F-40DF-AD24-83ECBA82E312}.Debug|Any CPU.ActiveCfg = Debug|Any CPU
		{B464537E-F74F-40DF-AD24-83ECBA82E312}.Debug|Any CPU.Build.0 = Debug|Any CPU
		{B464537E-F74F-40DF-AD24-83ECBA82E312}.Debug|Mixed Platforms.ActiveCfg = Debug|Any CPU
		{B464537E-F74F-40DF-AD24-83ECBA82E312}.Debug|Mixed Platforms.Build.0 = Debug|Any CPU
		{B464537E-F74F-40DF-AD24-83ECBA82E312}.Debug|x86.ActiveCfg = Debug|Any CPU
		{B464537E-F74F-40DF-AD24-83ECBA82E312}.DVD-5|Any CPU.ActiveCfg = Debug|Any CPU
		{B464537E-F74F-40DF-AD24-83ECBA82E312}.DVD-5|Any CPU.Build.0 = Debug|Any CPU
		{B464537E-F74F-40DF-AD24-83ECBA82E312}.DVD-5|Mixed Platforms.ActiveCfg = Debug|Any CPU
		{B464537E-F74F-40DF-AD24-83ECBA82E312}.DVD-5|Mixed Platforms.Build.0 = Debug|Any CPU
		{B464537E-F74F-40DF-AD24-83ECBA82E312}.DVD-5|x86.ActiveCfg = Debug|Any CPU
		{B464537E-F74F-40DF-AD24-83ECBA82E312}.Release|Any CPU.ActiveCfg = Release|Any CPU
		{B464537E-F74F-40DF-AD24-83ECBA82E312}.Release|Any CPU.Build.0 = Release|Any CPU
		{B464537E-F74F-40DF-AD24-83ECBA82E312}.Release|Mixed Platforms.ActiveCfg = Release|Any CPU
		{B464537E-F74F-40DF-AD24-83ECBA82E312}.Release|Mixed Platforms.Build.0 = Release|Any CPU
		{B464537E-F74F-40DF-AD24-83ECBA82E312}.Release|x86.ActiveCfg = Release|Any CPU
		{B464537E-F74F-40DF-AD24-83ECBA82E312}.SingleImage|Any CPU.ActiveCfg = Release|Any CPU
		{B464537E-F74F-40DF-AD24-83ECBA82E312}.SingleImage|Any CPU.Build.0 = Release|Any CPU
		{B464537E-F74F-40DF-AD24-83ECBA82E312}.SingleImage|Mixed Platforms.ActiveCfg = Release|Any CPU
		{B464537E-F74F-40DF-AD24-83ECBA82E312}.SingleImage|Mixed Platforms.Build.0 = Release|Any CPU
		{B464537E-F74F-40DF-AD24-83ECBA82E312}.SingleImage|x86.ActiveCfg = Release|Any CPU
		{1660C82E-6752-414F-A325-C119A1249DB2}.CD_ROM|Any CPU.ActiveCfg = Release|x86
		{1660C82E-6752-414F-A325-C119A1249DB2}.CD_ROM|Mixed Platforms.ActiveCfg = Release|x86
		{1660C82E-6752-414F-A325-C119A1249DB2}.CD_ROM|Mixed Platforms.Build.0 = Release|x86
		{1660C82E-6752-414F-A325-C119A1249DB2}.CD_ROM|x86.ActiveCfg = Release|x86
		{1660C82E-6752-414F-A325-C119A1249DB2}.CD_ROM|x86.Build.0 = Release|x86
		{1660C82E-6752-414F-A325-C119A1249DB2}.Debug|Any CPU.ActiveCfg = Debug|x86
		{1660C82E-6752-414F-A325-C119A1249DB2}.Debug|Mixed Platforms.ActiveCfg = Debug|x86
		{1660C82E-6752-414F-A325-C119A1249DB2}.Debug|Mixed Platforms.Build.0 = Debug|x86
		{1660C82E-6752-414F-A325-C119A1249DB2}.Debug|x86.ActiveCfg = Debug|x86
		{1660C82E-6752-414F-A325-C119A1249DB2}.Debug|x86.Build.0 = Debug|x86
		{1660C82E-6752-414F-A325-C119A1249DB2}.DVD-5|Any CPU.ActiveCfg = Debug|x86
		{1660C82E-6752-414F-A325-C119A1249DB2}.DVD-5|Mixed Platforms.ActiveCfg = Debug|x86
		{1660C82E-6752-414F-A325-C119A1249DB2}.DVD-5|Mixed Platforms.Build.0 = Debug|x86
		{1660C82E-6752-414F-A325-C119A1249DB2}.DVD-5|x86.ActiveCfg = Debug|x86
		{1660C82E-6752-414F-A325-C119A1249DB2}.DVD-5|x86.Build.0 = Debug|x86
		{1660C82E-6752-414F-A325-C119A1249DB2}.Release|Any CPU.ActiveCfg = Release|x86
		{1660C82E-6752-414F-A325-C119A1249DB2}.Release|Mixed Platforms.ActiveCfg = Release|x86
		{1660C82E-6752-414F-A325-C119A1249DB2}.Release|Mixed Platforms.Build.0 = Release|x86
		{1660C82E-6752-414F-A325-C119A1249DB2}.Release|x86.ActiveCfg = Release|x86
		{1660C82E-6752-414F-A325-C119A1249DB2}.Release|x86.Build.0 = Release|x86
		{1660C82E-6752-414F-A325-C119A1249DB2}.SingleImage|Any CPU.ActiveCfg = Release|x86
		{1660C82E-6752-414F-A325-C119A1249DB2}.SingleImage|Mixed Platforms.ActiveCfg = Release|x86
		{1660C82E-6752-414F-A325-C119A1249DB2}.SingleImage|Mixed Platforms.Build.0 = Release|x86
		{1660C82E-6752-414F-A325-C119A1249DB2}.SingleImage|x86.ActiveCfg = Release|x86
		{1660C82E-6752-414F-A325-C119A1249DB2}.SingleImage|x86.Build.0 = Release|x86
		{B4177222-B461-4609-A101-C833EF126F0C}.CD_ROM|Any CPU.ActiveCfg = Release|x86
		{B4177222-B461-4609-A101-C833EF126F0C}.CD_ROM|Mixed Platforms.ActiveCfg = Release|x86
		{B4177222-B461-4609-A101-C833EF126F0C}.CD_ROM|Mixed Platforms.Build.0 = Release|x86
		{B4177222-B461-4609-A101-C833EF126F0C}.CD_ROM|x86.ActiveCfg = Release|x86
		{B4177222-B461-4609-A101-C833EF126F0C}.CD_ROM|x86.Build.0 = Release|x86
		{B4177222-B461-4609-A101-C833EF126F0C}.Debug|Any CPU.ActiveCfg = Debug|x86
		{B4177222-B461-4609-A101-C833EF126F0C}.Debug|Mixed Platforms.ActiveCfg = Debug|x86
		{B4177222-B461-4609-A101-C833EF126F0C}.Debug|Mixed Platforms.Build.0 = Debug|x86
		{B4177222-B461-4609-A101-C833EF126F0C}.Debug|x86.ActiveCfg = Debug|x86
		{B4177222-B461-4609-A101-C833EF126F0C}.Debug|x86.Build.0 = Debug|x86
		{B4177222-B461-4609-A101-C833EF126F0C}.DVD-5|Any CPU.ActiveCfg = Debug|x86
		{B4177222-B461-4609-A101-C833EF126F0C}.DVD-5|Mixed Platforms.ActiveCfg = Debug|x86
		{B4177222-B461-4609-A101-C833EF126F0C}.DVD-5|Mixed Platforms.Build.0 = Debug|x86
		{B4177222-B461-4609-A101-C833EF126F0C}.DVD-5|x86.ActiveCfg = Debug|x86
		{B4177222-B461-4609-A101-C833EF126F0C}.DVD-5|x86.Build.0 = Debug|x86
		{B4177222-B461-4609-A101-C833EF126F0C}.Release|Any CPU.ActiveCfg = Release|x86
		{B4177222-B461-4609-A101-C833EF126F0C}.Release|Mixed Platforms.ActiveCfg = Release|x86
		{B4177222-B461-4609-A101-C833EF126F0C}.Release|Mixed Platforms.Build.0 = Release|x86
		{B4177222-B461-4609-A101-C833EF126F0C}.Release|x86.ActiveCfg = Release|x86
		{B4177222-B461-4609-A101-C833EF126F0C}.Release|x86.Build.0 = Release|x86
		{B4177222-B461-4609-A101-C833EF126F0C}.SingleImage|Any CPU.ActiveCfg = Release|x86
		{B4177222-B461-4609-A101-C833EF126F0C}.SingleImage|Mixed Platforms.ActiveCfg = Release|x86
		{B4177222-B461-4609-A101-C833EF126F0C}.SingleImage|Mixed Platforms.Build.0 = Release|x86
		{B4177222-B461-4609-A101-C833EF126F0C}.SingleImage|x86.ActiveCfg = Release|x86
		{B4177222-B461-4609-A101-C833EF126F0C}.SingleImage|x86.Build.0 = Release|x86
		{A71B853B-433E-440B-80C9-74C0DD9BCC0E}.CD_ROM|Any CPU.ActiveCfg = Release|x86
		{A71B853B-433E-440B-80C9-74C0DD9BCC0E}.CD_ROM|Mixed Platforms.ActiveCfg = Release|x86
		{A71B853B-433E-440B-80C9-74C0DD9BCC0E}.CD_ROM|Mixed Platforms.Build.0 = Release|x86
		{A71B853B-433E-440B-80C9-74C0DD9BCC0E}.CD_ROM|x86.ActiveCfg = Release|x86
		{A71B853B-433E-440B-80C9-74C0DD9BCC0E}.CD_ROM|x86.Build.0 = Release|x86
		{A71B853B-433E-440B-80C9-74C0DD9BCC0E}.Debug|Any CPU.ActiveCfg = Debug|x86
		{A71B853B-433E-440B-80C9-74C0DD9BCC0E}.Debug|Mixed Platforms.ActiveCfg = Debug|x86
		{A71B853B-433E-440B-80C9-74C0DD9BCC0E}.Debug|Mixed Platforms.Build.0 = Debug|x86
		{A71B853B-433E-440B-80C9-74C0DD9BCC0E}.Debug|x86.ActiveCfg = Debug|x86
		{A71B853B-433E-440B-80C9-74C0DD9BCC0E}.Debug|x86.Build.0 = Debug|x86
		{A71B853B-433E-440B-80C9-74C0DD9BCC0E}.DVD-5|Any CPU.ActiveCfg = Debug|x86
		{A71B853B-433E-440B-80C9-74C0DD9BCC0E}.DVD-5|Mixed Platforms.ActiveCfg = Debug|x86
		{A71B853B-433E-440B-80C9-74C0DD9BCC0E}.DVD-5|Mixed Platforms.Build.0 = Debug|x86
		{A71B853B-433E-440B-80C9-74C0DD9BCC0E}.DVD-5|x86.ActiveCfg = Debug|x86
		{A71B853B-433E-440B-80C9-74C0DD9BCC0E}.DVD-5|x86.Build.0 = Debug|x86
		{A71B853B-433E-440B-80C9-74C0DD9BCC0E}.Release|Any CPU.ActiveCfg = Release|x86
		{A71B853B-433E-440B-80C9-74C0DD9BCC0E}.Release|Mixed Platforms.ActiveCfg = Release|x86
		{A71B853B-433E-440B-80C9-74C0DD9BCC0E}.Release|Mixed Platforms.Build.0 = Release|x86
		{A71B853B-433E-440B-80C9-74C0DD9BCC0E}.Release|x86.ActiveCfg = Release|x86
		{A71B853B-433E-440B-80C9-74C0DD9BCC0E}.Release|x86.Build.0 = Release|x86
		{A71B853B-433E-440B-80C9-74C0DD9BCC0E}.SingleImage|Any CPU.ActiveCfg = Release|x86
		{A71B853B-433E-440B-80C9-74C0DD9BCC0E}.SingleImage|Mixed Platforms.ActiveCfg = Release|x86
		{A71B853B-433E-440B-80C9-74C0DD9BCC0E}.SingleImage|Mixed Platforms.Build.0 = Release|x86
		{A71B853B-433E-440B-80C9-74C0DD9BCC0E}.SingleImage|x86.ActiveCfg = Release|x86
		{A71B853B-433E-440B-80C9-74C0DD9BCC0E}.SingleImage|x86.Build.0 = Release|x86
		{B9942FFF-D1F9-4F81-9C16-D1623B9E3F28}.CD_ROM|Any CPU.ActiveCfg = Release|x86
		{B9942FFF-D1F9-4F81-9C16-D1623B9E3F28}.CD_ROM|Mixed Platforms.ActiveCfg = Release|x86
		{B9942FFF-D1F9-4F81-9C16-D1623B9E3F28}.CD_ROM|Mixed Platforms.Build.0 = Release|x86
		{B9942FFF-D1F9-4F81-9C16-D1623B9E3F28}.CD_ROM|x86.ActiveCfg = Release|x86
		{B9942FFF-D1F9-4F81-9C16-D1623B9E3F28}.CD_ROM|x86.Build.0 = Release|x86
		{B9942FFF-D1F9-4F81-9C16-D1623B9E3F28}.Debug|Any CPU.ActiveCfg = Debug|x86
		{B9942FFF-D1F9-4F81-9C16-D1623B9E3F28}.Debug|Mixed Platforms.ActiveCfg = Debug|x86
		{B9942FFF-D1F9-4F81-9C16-D1623B9E3F28}.Debug|Mixed Platforms.Build.0 = Debug|x86
		{B9942FFF-D1F9-4F81-9C16-D1623B9E3F28}.Debug|x86.ActiveCfg = Debug|x86
		{B9942FFF-D1F9-4F81-9C16-D1623B9E3F28}.Debug|x86.Build.0 = Debug|x86
		{B9942FFF-D1F9-4F81-9C16-D1623B9E3F28}.DVD-5|Any CPU.ActiveCfg = Debug|x86
		{B9942FFF-D1F9-4F81-9C16-D1623B9E3F28}.DVD-5|Mixed Platforms.ActiveCfg = Debug|x86
		{B9942FFF-D1F9-4F81-9C16-D1623B9E3F28}.DVD-5|Mixed Platforms.Build.0 = Debug|x86
		{B9942FFF-D1F9-4F81-9C16-D1623B9E3F28}.DVD-5|x86.ActiveCfg = Debug|x86
		{B9942FFF-D1F9-4F81-9C16-D1623B9E3F28}.DVD-5|x86.Build.0 = Debug|x86
		{B9942FFF-D1F9-4F81-9C16-D1623B9E3F28}.Release|Any CPU.ActiveCfg = Release|x86
		{B9942FFF-D1F9-4F81-9C16-D1623B9E3F28}.Release|Mixed Platforms.ActiveCfg = Release|x86
		{B9942FFF-D1F9-4F81-9C16-D1623B9E3F28}.Release|Mixed Platforms.Build.0 = Release|x86
		{B9942FFF-D1F9-4F81-9C16-D1623B9E3F28}.Release|x86.ActiveCfg = Release|x86
		{B9942FFF-D1F9-4F81-9C16-D1623B9E3F28}.Release|x86.Build.0 = Release|x86
		{B9942FFF-D1F9-4F81-9C16-D1623B9E3F28}.SingleImage|Any CPU.ActiveCfg = Release|x86
		{B9942FFF-D1F9-4F81-9C16-D1623B9E3F28}.SingleImage|Mixed Platforms.ActiveCfg = Release|x86
		{B9942FFF-D1F9-4F81-9C16-D1623B9E3F28}.SingleImage|Mixed Platforms.Build.0 = Release|x86
		{B9942FFF-D1F9-4F81-9C16-D1623B9E3F28}.SingleImage|x86.ActiveCfg = Release|x86
		{B9942FFF-D1F9-4F81-9C16-D1623B9E3F28}.SingleImage|x86.Build.0 = Release|x86
		{A8FBE5DF-8DBE-4A43-A674-8072AEF233B8}.CD_ROM|Any CPU.ActiveCfg = Release|x86
		{A8FBE5DF-8DBE-4A43-A674-8072AEF233B8}.CD_ROM|Mixed Platforms.ActiveCfg = Release|x86
		{A8FBE5DF-8DBE-4A43-A674-8072AEF233B8}.CD_ROM|Mixed Platforms.Build.0 = Release|x86
		{A8FBE5DF-8DBE-4A43-A674-8072AEF233B8}.CD_ROM|x86.ActiveCfg = Release|x86
		{A8FBE5DF-8DBE-4A43-A674-8072AEF233B8}.CD_ROM|x86.Build.0 = Release|x86
		{A8FBE5DF-8DBE-4A43-A674-8072AEF233B8}.Debug|Any CPU.ActiveCfg = Debug|x86
		{A8FBE5DF-8DBE-4A43-A674-8072AEF233B8}.Debug|Mixed Platforms.ActiveCfg = Debug|x86
		{A8FBE5DF-8DBE-4A43-A674-8072AEF233B8}.Debug|Mixed Platforms.Build.0 = Debug|x86
		{A8FBE5DF-8DBE-4A43-A674-8072AEF233B8}.Debug|x86.ActiveCfg = Debug|x86
		{A8FBE5DF-8DBE-4A43-A674-8072AEF233B8}.Debug|x86.Build.0 = Debug|x86
		{A8FBE5DF-8DBE-4A43-A674-8072AEF233B8}.DVD-5|Any CPU.ActiveCfg = Debug|x86
		{A8FBE5DF-8DBE-4A43-A674-8072AEF233B8}.DVD-5|Mixed Platforms.ActiveCfg = Debug|x86
		{A8FBE5DF-8DBE-4A43-A674-8072AEF233B8}.DVD-5|Mixed Platforms.Build.0 = Debug|x86
		{A8FBE5DF-8DBE-4A43-A674-8072AEF233B8}.DVD-5|x86.ActiveCfg = Debug|x86
		{A8FBE5DF-8DBE-4A43-A674-8072AEF233B8}.DVD-5|x86.Build.0 = Debug|x86
		{A8FBE5DF-8DBE-4A43-A674-8072AEF233B8}.Release|Any CPU.ActiveCfg = Release|x86
		{A8FBE5DF-8DBE-4A43-A674-8072AEF233B8}.Release|Mixed Platforms.ActiveCfg = Release|x86
		{A8FBE5DF-8DBE-4A43-A674-8072AEF233B8}.Release|Mixed Platforms.Build.0 = Release|x86
		{A8FBE5DF-8DBE-4A43-A674-8072AEF233B8}.Release|x86.ActiveCfg = Release|x86
		{A8FBE5DF-8DBE-4A43-A674-8072AEF233B8}.Release|x86.Build.0 = Release|x86
		{A8FBE5DF-8DBE-4A43-A674-8072AEF233B8}.SingleImage|Any CPU.ActiveCfg = Release|x86
		{A8FBE5DF-8DBE-4A43-A674-8072AEF233B8}.SingleImage|Mixed Platforms.ActiveCfg = Release|x86
		{A8FBE5DF-8DBE-4A43-A674-8072AEF233B8}.SingleImage|Mixed Platforms.Build.0 = Release|x86
		{A8FBE5DF-8DBE-4A43-A674-8072AEF233B8}.SingleImage|x86.ActiveCfg = Release|x86
		{A8FBE5DF-8DBE-4A43-A674-8072AEF233B8}.SingleImage|x86.Build.0 = Release|x86
		{FF8AE74D-BB6A-4641-A558-9597BB7132EA}.CD_ROM|Any CPU.ActiveCfg = Release|x86
		{FF8AE74D-BB6A-4641-A558-9597BB7132EA}.CD_ROM|Mixed Platforms.ActiveCfg = Release|x86
		{FF8AE74D-BB6A-4641-A558-9597BB7132EA}.CD_ROM|Mixed Platforms.Build.0 = Release|x86
		{FF8AE74D-BB6A-4641-A558-9597BB7132EA}.CD_ROM|x86.ActiveCfg = Release|x86
		{FF8AE74D-BB6A-4641-A558-9597BB7132EA}.CD_ROM|x86.Build.0 = Release|x86
		{FF8AE74D-BB6A-4641-A558-9597BB7132EA}.Debug|Any CPU.ActiveCfg = Debug|x86
		{FF8AE74D-BB6A-4641-A558-9597BB7132EA}.Debug|Mixed Platforms.ActiveCfg = Debug|x86
		{FF8AE74D-BB6A-4641-A558-9597BB7132EA}.Debug|Mixed Platforms.Build.0 = Debug|x86
		{FF8AE74D-BB6A-4641-A558-9597BB7132EA}.Debug|x86.ActiveCfg = Debug|x86
		{FF8AE74D-BB6A-4641-A558-9597BB7132EA}.Debug|x86.Build.0 = Debug|x86
		{FF8AE74D-BB6A-4641-A558-9597BB7132EA}.DVD-5|Any CPU.ActiveCfg = Debug|x86
		{FF8AE74D-BB6A-4641-A558-9597BB7132EA}.DVD-5|Mixed Platforms.ActiveCfg = Debug|x86
		{FF8AE74D-BB6A-4641-A558-9597BB7132EA}.DVD-5|Mixed Platforms.Build.0 = Debug|x86
		{FF8AE74D-BB6A-4641-A558-9597BB7132EA}.DVD-5|x86.ActiveCfg = Debug|x86
		{FF8AE74D-BB6A-4641-A558-9597BB7132EA}.DVD-5|x86.Build.0 = Debug|x86
		{FF8AE74D-BB6A-4641-A558-9597BB7132EA}.Release|Any CPU.ActiveCfg = Release|x86
		{FF8AE74D-BB6A-4641-A558-9597BB7132EA}.Release|Mixed Platforms.ActiveCfg = Release|x86
		{FF8AE74D-BB6A-4641-A558-9597BB7132EA}.Release|Mixed Platforms.Build.0 = Release|x86
		{FF8AE74D-BB6A-4641-A558-9597BB7132EA}.Release|x86.ActiveCfg = Release|x86
		{FF8AE74D-BB6A-4641-A558-9597BB7132EA}.Release|x86.Build.0 = Release|x86
		{FF8AE74D-BB6A-4641-A558-9597BB7132EA}.SingleImage|Any CPU.ActiveCfg = Release|x86
		{FF8AE74D-BB6A-4641-A558-9597BB7132EA}.SingleImage|Mixed Platforms.ActiveCfg = Release|x86
		{FF8AE74D-BB6A-4641-A558-9597BB7132EA}.SingleImage|Mixed Platforms.Build.0 = Release|x86
		{FF8AE74D-BB6A-4641-A558-9597BB7132EA}.SingleImage|x86.ActiveCfg = Release|x86
		{FF8AE74D-BB6A-4641-A558-9597BB7132EA}.SingleImage|x86.Build.0 = Release|x86
		{F48BF94E-456E-4AD3-91FE-5F388F4F7E79}.CD_ROM|Any CPU.ActiveCfg = Release|Any CPU
		{F48BF94E-456E-4AD3-91FE-5F388F4F7E79}.CD_ROM|Any CPU.Build.0 = Release|Any CPU
		{F48BF94E-456E-4AD3-91FE-5F388F4F7E79}.CD_ROM|Mixed Platforms.ActiveCfg = Release|Any CPU
		{F48BF94E-456E-4AD3-91FE-5F388F4F7E79}.CD_ROM|Mixed Platforms.Build.0 = Release|Any CPU
		{F48BF94E-456E-4AD3-91FE-5F388F4F7E79}.CD_ROM|x86.ActiveCfg = Release|Any CPU
		{F48BF94E-456E-4AD3-91FE-5F388F4F7E79}.Debug|Any CPU.ActiveCfg = Debug|Any CPU
		{F48BF94E-456E-4AD3-91FE-5F388F4F7E79}.Debug|Any CPU.Build.0 = Debug|Any CPU
		{F48BF94E-456E-4AD3-91FE-5F388F4F7E79}.Debug|Mixed Platforms.ActiveCfg = Debug|Any CPU
		{F48BF94E-456E-4AD3-91FE-5F388F4F7E79}.Debug|Mixed Platforms.Build.0 = Debug|Any CPU
		{F48BF94E-456E-4AD3-91FE-5F388F4F7E79}.Debug|x86.ActiveCfg = Debug|Any CPU
		{F48BF94E-456E-4AD3-91FE-5F388F4F7E79}.DVD-5|Any CPU.ActiveCfg = Debug|Any CPU
		{F48BF94E-456E-4AD3-91FE-5F388F4F7E79}.DVD-5|Any CPU.Build.0 = Debug|Any CPU
		{F48BF94E-456E-4AD3-91FE-5F388F4F7E79}.DVD-5|Mixed Platforms.ActiveCfg = Debug|Any CPU
		{F48BF94E-456E-4AD3-91FE-5F388F4F7E79}.DVD-5|Mixed Platforms.Build.0 = Debug|Any CPU
		{F48BF94E-456E-4AD3-91FE-5F388F4F7E79}.DVD-5|x86.ActiveCfg = Debug|Any CPU
		{F48BF94E-456E-4AD3-91FE-5F388F4F7E79}.Release|Any CPU.ActiveCfg = Release|Any CPU
		{F48BF94E-456E-4AD3-91FE-5F388F4F7E79}.Release|Any CPU.Build.0 = Release|Any CPU
		{F48BF94E-456E-4AD3-91FE-5F388F4F7E79}.Release|Mixed Platforms.ActiveCfg = Release|Any CPU
		{F48BF94E-456E-4AD3-91FE-5F388F4F7E79}.Release|Mixed Platforms.Build.0 = Release|Any CPU
		{F48BF94E-456E-4AD3-91FE-5F388F4F7E79}.Release|x86.ActiveCfg = Release|Any CPU
		{F48BF94E-456E-4AD3-91FE-5F388F4F7E79}.SingleImage|Any CPU.ActiveCfg = Release|Any CPU
		{F48BF94E-456E-4AD3-91FE-5F388F4F7E79}.SingleImage|Any CPU.Build.0 = Release|Any CPU
		{F48BF94E-456E-4AD3-91FE-5F388F4F7E79}.SingleImage|Mixed Platforms.ActiveCfg = Release|Any CPU
		{F48BF94E-456E-4AD3-91FE-5F388F4F7E79}.SingleImage|Mixed Platforms.Build.0 = Release|Any CPU
		{F48BF94E-456E-4AD3-91FE-5F388F4F7E79}.SingleImage|x86.ActiveCfg = Release|Any CPU
		{40516E38-856F-4F42-89B6-BDD2DA6F8D59}.CD_ROM|Any CPU.ActiveCfg = Release|x86
		{40516E38-856F-4F42-89B6-BDD2DA6F8D59}.CD_ROM|Mixed Platforms.ActiveCfg = Release|x86
		{40516E38-856F-4F42-89B6-BDD2DA6F8D59}.CD_ROM|Mixed Platforms.Build.0 = Release|x86
		{40516E38-856F-4F42-89B6-BDD2DA6F8D59}.CD_ROM|x86.ActiveCfg = Release|x86
		{40516E38-856F-4F42-89B6-BDD2DA6F8D59}.CD_ROM|x86.Build.0 = Release|x86
		{40516E38-856F-4F42-89B6-BDD2DA6F8D59}.Debug|Any CPU.ActiveCfg = Debug|x86
		{40516E38-856F-4F42-89B6-BDD2DA6F8D59}.Debug|Mixed Platforms.ActiveCfg = Debug|x86
		{40516E38-856F-4F42-89B6-BDD2DA6F8D59}.Debug|Mixed Platforms.Build.0 = Debug|x86
		{40516E38-856F-4F42-89B6-BDD2DA6F8D59}.Debug|x86.ActiveCfg = Debug|x86
		{40516E38-856F-4F42-89B6-BDD2DA6F8D59}.Debug|x86.Build.0 = Debug|x86
		{40516E38-856F-4F42-89B6-BDD2DA6F8D59}.DVD-5|Any CPU.ActiveCfg = Debug|x86
		{40516E38-856F-4F42-89B6-BDD2DA6F8D59}.DVD-5|Mixed Platforms.ActiveCfg = Debug|x86
		{40516E38-856F-4F42-89B6-BDD2DA6F8D59}.DVD-5|Mixed Platforms.Build.0 = Debug|x86
		{40516E38-856F-4F42-89B6-BDD2DA6F8D59}.DVD-5|x86.ActiveCfg = Debug|x86
		{40516E38-856F-4F42-89B6-BDD2DA6F8D59}.DVD-5|x86.Build.0 = Debug|x86
		{40516E38-856F-4F42-89B6-BDD2DA6F8D59}.Release|Any CPU.ActiveCfg = Release|x86
		{40516E38-856F-4F42-89B6-BDD2DA6F8D59}.Release|Mixed Platforms.ActiveCfg = Release|x86
		{40516E38-856F-4F42-89B6-BDD2DA6F8D59}.Release|Mixed Platforms.Build.0 = Release|x86
		{40516E38-856F-4F42-89B6-BDD2DA6F8D59}.Release|x86.ActiveCfg = Release|x86
		{40516E38-856F-4F42-89B6-BDD2DA6F8D59}.Release|x86.Build.0 = Release|x86
		{40516E38-856F-4F42-89B6-BDD2DA6F8D59}.SingleImage|Any CPU.ActiveCfg = Release|x86
		{40516E38-856F-4F42-89B6-BDD2DA6F8D59}.SingleImage|Mixed Platforms.ActiveCfg = Release|x86
		{40516E38-856F-4F42-89B6-BDD2DA6F8D59}.SingleImage|Mixed Platforms.Build.0 = Release|x86
		{40516E38-856F-4F42-89B6-BDD2DA6F8D59}.SingleImage|x86.ActiveCfg = Release|x86
		{40516E38-856F-4F42-89B6-BDD2DA6F8D59}.SingleImage|x86.Build.0 = Release|x86
		{EA2E95DD-DD89-4001-8622-D21017B7B1C3}.CD_ROM|Any CPU.ActiveCfg = Release|x86
		{EA2E95DD-DD89-4001-8622-D21017B7B1C3}.CD_ROM|Mixed Platforms.ActiveCfg = Release|x86
		{EA2E95DD-DD89-4001-8622-D21017B7B1C3}.CD_ROM|Mixed Platforms.Build.0 = Release|x86
		{EA2E95DD-DD89-4001-8622-D21017B7B1C3}.CD_ROM|x86.ActiveCfg = Release|x86
		{EA2E95DD-DD89-4001-8622-D21017B7B1C3}.CD_ROM|x86.Build.0 = Release|x86
		{EA2E95DD-DD89-4001-8622-D21017B7B1C3}.Debug|Any CPU.ActiveCfg = Debug|x86
		{EA2E95DD-DD89-4001-8622-D21017B7B1C3}.Debug|Mixed Platforms.ActiveCfg = Debug|x86
		{EA2E95DD-DD89-4001-8622-D21017B7B1C3}.Debug|Mixed Platforms.Build.0 = Debug|x86
		{EA2E95DD-DD89-4001-8622-D21017B7B1C3}.Debug|x86.ActiveCfg = Debug|x86
		{EA2E95DD-DD89-4001-8622-D21017B7B1C3}.Debug|x86.Build.0 = Debug|x86
		{EA2E95DD-DD89-4001-8622-D21017B7B1C3}.DVD-5|Any CPU.ActiveCfg = Debug|x86
		{EA2E95DD-DD89-4001-8622-D21017B7B1C3}.DVD-5|Mixed Platforms.ActiveCfg = Debug|x86
		{EA2E95DD-DD89-4001-8622-D21017B7B1C3}.DVD-5|Mixed Platforms.Build.0 = Debug|x86
		{EA2E95DD-DD89-4001-8622-D21017B7B1C3}.DVD-5|x86.ActiveCfg = Debug|x86
		{EA2E95DD-DD89-4001-8622-D21017B7B1C3}.DVD-5|x86.Build.0 = Debug|x86
		{EA2E95DD-DD89-4001-8622-D21017B7B1C3}.Release|Any CPU.ActiveCfg = Release|x86
		{EA2E95DD-DD89-4001-8622-D21017B7B1C3}.Release|Mixed Platforms.ActiveCfg = Release|x86
		{EA2E95DD-DD89-4001-8622-D21017B7B1C3}.Release|Mixed Platforms.Build.0 = Release|x86
		{EA2E95DD-DD89-4001-8622-D21017B7B1C3}.Release|x86.ActiveCfg = Release|x86
		{EA2E95DD-DD89-4001-8622-D21017B7B1C3}.Release|x86.Build.0 = Release|x86
		{EA2E95DD-DD89-4001-8622-D21017B7B1C3}.SingleImage|Any CPU.ActiveCfg = Release|x86
		{EA2E95DD-DD89-4001-8622-D21017B7B1C3}.SingleImage|Mixed Platforms.ActiveCfg = Release|x86
		{EA2E95DD-DD89-4001-8622-D21017B7B1C3}.SingleImage|Mixed Platforms.Build.0 = Release|x86
		{EA2E95DD-DD89-4001-8622-D21017B7B1C3}.SingleImage|x86.ActiveCfg = Release|x86
		{EA2E95DD-DD89-4001-8622-D21017B7B1C3}.SingleImage|x86.Build.0 = Release|x86
	EndGlobalSection
	GlobalSection(SolutionProperties) = preSolution
		HideSolutionNode = FALSE
	EndGlobalSection
EndGlobal
